
Microsoft Visual Studio Solution File, Format Version 12.00
# Visual Studio Version 16
VisualStudioVersion = 16.0.31911.196
MinimumVisualStudioVersion = 10.0.40219.1
Project("{FAE04EC0-301F-11D3-BF4B-00C04F79EFBC}") = "TraCuuKienThucDemo2", "TraCuuKienThucDemo2\TraCuuKienThucDemo2.csproj", "{2CFAE082-D4DC-4C8A-A64B-2295AE39A24C}"
EndProject
Global
	GlobalSection(SolutionConfigurationPlatforms) = preSolution
		Debug|Any CPU = Debug|Any CPU
		Release|Any CPU = Release|Any CPU
	EndGlobalSection
	GlobalSection(ProjectConfigurationPlatforms) = postSolution
		{2CFAE082-D4DC-4C8A-A64B-2295AE39A24C}.Debug|Any CPU.ActiveCfg = Debug|Any CPU
		{2CFAE082-D4DC-4C8A-A64B-2295AE39A24C}.Debug|Any CPU.Build.0 = Debug|Any CPU
		{2CFAE082-D4DC-4C8A-A64B-2295AE39A24C}.Release|Any CPU.ActiveCfg = Release|Any CPU
		{2CFAE082-D4DC-4C8A-A64B-2295AE39A24C}.Release|Any CPU.Build.0 = Release|Any CPU
	EndGlobalSection
	GlobalSection(SolutionProperties) = preSolution
		HideSolutionNode = FALSE
	EndGlobalSection
	GlobalSection(ExtensibilityGlobals) = postSolution
		SolutionGuid = {4C15D917-201E-45A7-8965-566237C895E9}
	EndGlobalSection
EndGlobal
